// !$*UTF8*$!
{
	archiveVersion = 1;
	classes = {
	};
	objectVersion = 56;
	objects = {

/* Begin PBXBuildFile section */
		C65690BA2A27FB5D002B013B /* SendPaymentOnChainView.swift in Sources */ = {isa = PBXBuildFile; fileRef = C65690B92A27FB5D002B013B /* SendPaymentOnChainView.swift */; };
		C6972C492A26B3CF00BBA785 /* CloseChannelView.swift in Sources */ = {isa = PBXBuildFile; fileRef = C6972C482A26B3CF00BBA785 /* CloseChannelView.swift */; };
		C6D8C5802A215B290057D42E /* Vajra_WalletApp.swift in Sources */ = {isa = PBXBuildFile; fileRef = C6D8C57F2A215B290057D42E /* Vajra_WalletApp.swift */; };
		C6D8C5822A215B290057D42E /* WalletView.swift in Sources */ = {isa = PBXBuildFile; fileRef = C6D8C5812A215B290057D42E /* WalletView.swift */; };
		C6D8C5842A215B2A0057D42E /* Assets.xcassets in Resources */ = {isa = PBXBuildFile; fileRef = C6D8C5832A215B2A0057D42E /* Assets.xcassets */; };
		C6D8C5872A215B2A0057D42E /* Preview Assets.xcassets in Resources */ = {isa = PBXBuildFile; fileRef = C6D8C5862A215B2A0057D42E /* Preview Assets.xcassets */; };
		C6D8C58F2A215CE60057D42E /* LightningDevKit in Frameworks */ = {isa = PBXBuildFile; productRef = C6D8C58E2A215CE60057D42E /* LightningDevKit */; };
		C6D8C5922A215D0D0057D42E /* BitcoinDevKit in Frameworks */ = {isa = PBXBuildFile; productRef = C6D8C5912A215D0D0057D42E /* BitcoinDevKit */; };
		C6D8C5942A215D290057D42E /* MyFeeEstimator.swift in Sources */ = {isa = PBXBuildFile; fileRef = C6D8C5932A215D290057D42E /* MyFeeEstimator.swift */; };
		C6D8C5962A215D430057D42E /* MyLogger.swift in Sources */ = {isa = PBXBuildFile; fileRef = C6D8C5952A215D430057D42E /* MyLogger.swift */; };
		C6D8C5982A215D540057D42E /* MyBroadcaster.swift in Sources */ = {isa = PBXBuildFile; fileRef = C6D8C5972A215D540057D42E /* MyBroadcaster.swift */; };
		C6D8C59A2A215E6C0057D42E /* MyPersister.swift in Sources */ = {isa = PBXBuildFile; fileRef = C6D8C5992A215E6C0057D42E /* MyPersister.swift */; };
		C6D8C59E2A2192CF0057D42E /* BlockchainData.swift in Sources */ = {isa = PBXBuildFile; fileRef = C6D8C59D2A2192CF0057D42E /* BlockchainData.swift */; };
		C6D8C5A02A2193020057D42E /* DataGetPost.swift in Sources */ = {isa = PBXBuildFile; fileRef = C6D8C59F2A2193020057D42E /* DataGetPost.swift */; };
		C6D8C5A22A21933E0057D42E /* Utils.swift in Sources */ = {isa = PBXBuildFile; fileRef = C6D8C5A12A21933E0057D42E /* Utils.swift */; };
		C6D8C5A42A2193570057D42E /* MerkleProof.swift in Sources */ = {isa = PBXBuildFile; fileRef = C6D8C5A32A2193570057D42E /* MerkleProof.swift */; };
		C6D8C5A62A21936C0057D42E /* Tx.swift in Sources */ = {isa = PBXBuildFile; fileRef = C6D8C5A52A21936C0057D42E /* Tx.swift */; };
		C6D8C5AC2A2196CB0057D42E /* FileHandler.swift in Sources */ = {isa = PBXBuildFile; fileRef = C6D8C5AB2A2196CB0057D42E /* FileHandler.swift */; };
		C6D8C5AE2A2197D90057D42E /* MyFilter.swift in Sources */ = {isa = PBXBuildFile; fileRef = C6D8C5AD2A2197D90057D42E /* MyFilter.swift */; };
		C6D8C5B02A2252B40057D42E /* MyChannelManagerPersister.swift in Sources */ = {isa = PBXBuildFile; fileRef = C6D8C5AF2A2252B40057D42E /* MyChannelManagerPersister.swift */; };
		C6D8C5B22A2254120057D42E /* LDKManager.swift in Sources */ = {isa = PBXBuildFile; fileRef = C6D8C5B12A2254120057D42E /* LDKManager.swift */; };
		C6D8C5B42A2254450057D42E /* BDKManager.swift in Sources */ = {isa = PBXBuildFile; fileRef = C6D8C5B32A2254450057D42E /* BDKManager.swift */; };
		C6D8C5B72A2254DE0057D42E /* KeyData.swift in Sources */ = {isa = PBXBuildFile; fileRef = C6D8C5B62A2254DE0057D42E /* KeyData.swift */; };
		C6D8C5BB2A22569C0057D42E /* TabBarView.swift in Sources */ = {isa = PBXBuildFile; fileRef = C6D8C5BA2A22569C0057D42E /* TabBarView.swift */; };
		C6D8C5BD2A2256B40057D42E /* SettingsView.swift in Sources */ = {isa = PBXBuildFile; fileRef = C6D8C5BC2A2256B40057D42E /* SettingsView.swift */; };
		C6D8C5BF2A2256CE0057D42E /* ListPeersView.swift in Sources */ = {isa = PBXBuildFile; fileRef = C6D8C5BE2A2256CE0057D42E /* ListPeersView.swift */; };
		C6D8C5C12A2256D60057D42E /* ConnectToPeerView.swift in Sources */ = {isa = PBXBuildFile; fileRef = C6D8C5C02A2256D60057D42E /* ConnectToPeerView.swift */; };
		C6D8C5C32A2256DC0057D42E /* OpenChannelView.swift in Sources */ = {isa = PBXBuildFile; fileRef = C6D8C5C22A2256DC0057D42E /* OpenChannelView.swift */; };
		C6D8C5C52A2256E20057D42E /* ListChannelsView.swift in Sources */ = {isa = PBXBuildFile; fileRef = C6D8C5C42A2256E20057D42E /* ListChannelsView.swift */; };
		C6D8C5C92A2257680057D42E /* CreateWalletView.swift in Sources */ = {isa = PBXBuildFile; fileRef = C6D8C5C82A2257680057D42E /* CreateWalletView.swift */; };
		C6D8C5E72A22AF2F0057D42E /* RecoveryPhraseView.swift in Sources */ = {isa = PBXBuildFile; fileRef = C6D8C5E62A22AF2F0057D42E /* RecoveryPhraseView.swift */; };
		C6EA67512A25038A00A6867D /* SendPaymentView.swift in Sources */ = {isa = PBXBuildFile; fileRef = C6EA67502A25038A00A6867D /* SendPaymentView.swift */; };
		C6EA67552A256E5800A6867D /* GenerateInvoiceView.swift in Sources */ = {isa = PBXBuildFile; fileRef = C6EA67542A256E5800A6867D /* GenerateInvoiceView.swift */; };
/* End PBXBuildFile section */

/* Begin PBXFileReference section */
		C65690B92A27FB5D002B013B /* SendPaymentOnChainView.swift */ = {isa = PBXFileReference; lastKnownFileType = sourcecode.swift; path = SendPaymentOnChainView.swift; sourceTree = "<group>"; };
		C6972C482A26B3CF00BBA785 /* CloseChannelView.swift */ = {isa = PBXFileReference; lastKnownFileType = sourcecode.swift; path = CloseChannelView.swift; sourceTree = "<group>"; };
		C6D8C57C2A215B290057D42E /* Vajra Wallet.app */ = {isa = PBXFileReference; explicitFileType = wrapper.application; includeInIndex = 0; path = "Vajra Wallet.app"; sourceTree = BUILT_PRODUCTS_DIR; };
		C6D8C57F2A215B290057D42E /* Vajra_WalletApp.swift */ = {isa = PBXFileReference; lastKnownFileType = sourcecode.swift; path = Vajra_WalletApp.swift; sourceTree = "<group>"; };
		C6D8C5812A215B290057D42E /* WalletView.swift */ = {isa = PBXFileReference; lastKnownFileType = sourcecode.swift; path = WalletView.swift; sourceTree = "<group>"; };
		C6D8C5832A215B2A0057D42E /* Assets.xcassets */ = {isa = PBXFileReference; lastKnownFileType = folder.assetcatalog; path = Assets.xcassets; sourceTree = "<group>"; };
		C6D8C5862A215B2A0057D42E /* Preview Assets.xcassets */ = {isa = PBXFileReference; lastKnownFileType = folder.assetcatalog; path = "Preview Assets.xcassets"; sourceTree = "<group>"; };
		C6D8C5932A215D290057D42E /* MyFeeEstimator.swift */ = {isa = PBXFileReference; lastKnownFileType = sourcecode.swift; path = MyFeeEstimator.swift; sourceTree = "<group>"; };
		C6D8C5952A215D430057D42E /* MyLogger.swift */ = {isa = PBXFileReference; lastKnownFileType = sourcecode.swift; path = MyLogger.swift; sourceTree = "<group>"; };
		C6D8C5972A215D540057D42E /* MyBroadcaster.swift */ = {isa = PBXFileReference; lastKnownFileType = sourcecode.swift; path = MyBroadcaster.swift; sourceTree = "<group>"; };
		C6D8C5992A215E6C0057D42E /* MyPersister.swift */ = {isa = PBXFileReference; lastKnownFileType = sourcecode.swift; path = MyPersister.swift; sourceTree = "<group>"; };
		C6D8C59D2A2192CF0057D42E /* BlockchainData.swift */ = {isa = PBXFileReference; lastKnownFileType = sourcecode.swift; path = BlockchainData.swift; sourceTree = "<group>"; };
		C6D8C59F2A2193020057D42E /* DataGetPost.swift */ = {isa = PBXFileReference; lastKnownFileType = sourcecode.swift; path = DataGetPost.swift; sourceTree = "<group>"; };
		C6D8C5A12A21933E0057D42E /* Utils.swift */ = {isa = PBXFileReference; lastKnownFileType = sourcecode.swift; path = Utils.swift; sourceTree = "<group>"; };
		C6D8C5A32A2193570057D42E /* MerkleProof.swift */ = {isa = PBXFileReference; lastKnownFileType = sourcecode.swift; path = MerkleProof.swift; sourceTree = "<group>"; };
		C6D8C5A52A21936C0057D42E /* Tx.swift */ = {isa = PBXFileReference; lastKnownFileType = sourcecode.swift; path = Tx.swift; sourceTree = "<group>"; };
		C6D8C5AB2A2196CB0057D42E /* FileHandler.swift */ = {isa = PBXFileReference; lastKnownFileType = sourcecode.swift; path = FileHandler.swift; sourceTree = "<group>"; };
		C6D8C5AD2A2197D90057D42E /* MyFilter.swift */ = {isa = PBXFileReference; lastKnownFileType = sourcecode.swift; path = MyFilter.swift; sourceTree = "<group>"; };
		C6D8C5AF2A2252B40057D42E /* MyChannelManagerPersister.swift */ = {isa = PBXFileReference; lastKnownFileType = sourcecode.swift; path = MyChannelManagerPersister.swift; sourceTree = "<group>"; };
		C6D8C5B12A2254120057D42E /* LDKManager.swift */ = {isa = PBXFileReference; lastKnownFileType = sourcecode.swift; path = LDKManager.swift; sourceTree = "<group>"; };
		C6D8C5B32A2254450057D42E /* BDKManager.swift */ = {isa = PBXFileReference; lastKnownFileType = sourcecode.swift; path = BDKManager.swift; sourceTree = "<group>"; };
		C6D8C5B62A2254DE0057D42E /* KeyData.swift */ = {isa = PBXFileReference; lastKnownFileType = sourcecode.swift; path = KeyData.swift; sourceTree = "<group>"; };
		C6D8C5BA2A22569C0057D42E /* TabBarView.swift */ = {isa = PBXFileReference; lastKnownFileType = sourcecode.swift; path = TabBarView.swift; sourceTree = "<group>"; };
		C6D8C5BC2A2256B40057D42E /* SettingsView.swift */ = {isa = PBXFileReference; lastKnownFileType = sourcecode.swift; path = SettingsView.swift; sourceTree = "<group>"; };
		C6D8C5BE2A2256CE0057D42E /* ListPeersView.swift */ = {isa = PBXFileReference; lastKnownFileType = sourcecode.swift; path = ListPeersView.swift; sourceTree = "<group>"; };
		C6D8C5C02A2256D60057D42E /* ConnectToPeerView.swift */ = {isa = PBXFileReference; lastKnownFileType = sourcecode.swift; path = ConnectToPeerView.swift; sourceTree = "<group>"; };
		C6D8C5C22A2256DC0057D42E /* OpenChannelView.swift */ = {isa = PBXFileReference; lastKnownFileType = sourcecode.swift; path = OpenChannelView.swift; sourceTree = "<group>"; };
		C6D8C5C42A2256E20057D42E /* ListChannelsView.swift */ = {isa = PBXFileReference; lastKnownFileType = sourcecode.swift; path = ListChannelsView.swift; sourceTree = "<group>"; };
		C6D8C5C82A2257680057D42E /* CreateWalletView.swift */ = {isa = PBXFileReference; lastKnownFileType = sourcecode.swift; path = CreateWalletView.swift; sourceTree = "<group>"; };
		C6D8C5E62A22AF2F0057D42E /* RecoveryPhraseView.swift */ = {isa = PBXFileReference; lastKnownFileType = sourcecode.swift; path = RecoveryPhraseView.swift; sourceTree = "<group>"; };
		C6EA67502A25038A00A6867D /* SendPaymentView.swift */ = {isa = PBXFileReference; lastKnownFileType = sourcecode.swift; path = SendPaymentView.swift; sourceTree = "<group>"; };
		C6EA67542A256E5800A6867D /* GenerateInvoiceView.swift */ = {isa = PBXFileReference; lastKnownFileType = sourcecode.swift; path = GenerateInvoiceView.swift; sourceTree = "<group>"; };
/* End PBXFileReference section */

/* Begin PBXFrameworksBuildPhase section */
		C6D8C5792A215B290057D42E /* Frameworks */ = {
			isa = PBXFrameworksBuildPhase;
			buildActionMask = 2147483647;
			files = (
				C6D8C5922A215D0D0057D42E /* BitcoinDevKit in Frameworks */,
				C6D8C58F2A215CE60057D42E /* LightningDevKit in Frameworks */,
			);
			runOnlyForDeploymentPostprocessing = 0;
		};
/* End PBXFrameworksBuildPhase section */

/* Begin PBXGroup section */
		C6D8C5732A215B290057D42E = {
			isa = PBXGroup;
			children = (
				C6D8C57E2A215B290057D42E /* Vajra Wallet */,
				C6D8C57D2A215B290057D42E /* Products */,
			);
			sourceTree = "<group>";
		};
		C6D8C57D2A215B290057D42E /* Products */ = {
			isa = PBXGroup;
			children = (
				C6D8C57C2A215B290057D42E /* Vajra Wallet.app */,
			);
			name = Products;
			sourceTree = "<group>";
		};
		C6D8C57E2A215B290057D42E /* Vajra Wallet */ = {
			isa = PBXGroup;
			children = (
				C6D8C57F2A215B290057D42E /* Vajra_WalletApp.swift */,
				C6D8C5A72A2193DB0057D42E /* Models */,
				C6D8C5A82A2193E40057D42E /* Helpers */,
				C6D8C5B52A2254500057D42E /* BDK */,
				C6D8C5A92A2193F60057D42E /* LDK */,
				C6D8C5AA2A2194100057D42E /* Views */,
				C6D8C5832A215B2A0057D42E /* Assets.xcassets */,
				C6D8C5852A215B2A0057D42E /* Preview Content */,
			);
			path = "Vajra Wallet";
			sourceTree = "<group>";
		};
		C6D8C5852A215B2A0057D42E /* Preview Content */ = {
			isa = PBXGroup;
			children = (
				C6D8C5862A215B2A0057D42E /* Preview Assets.xcassets */,
			);
			path = "Preview Content";
			sourceTree = "<group>";
		};
		C6D8C5A72A2193DB0057D42E /* Models */ = {
			isa = PBXGroup;
			children = (
				C6D8C5A32A2193570057D42E /* MerkleProof.swift */,
				C6D8C5A52A21936C0057D42E /* Tx.swift */,
			);
			path = Models;
			sourceTree = "<group>";
		};
		C6D8C5A82A2193E40057D42E /* Helpers */ = {
			isa = PBXGroup;
			children = (
				C6D8C59D2A2192CF0057D42E /* BlockchainData.swift */,
				C6D8C59F2A2193020057D42E /* DataGetPost.swift */,
				C6D8C5A12A21933E0057D42E /* Utils.swift */,
				C6D8C5AB2A2196CB0057D42E /* FileHandler.swift */,
				C6D8C5B62A2254DE0057D42E /* KeyData.swift */,
			);
			path = Helpers;
			sourceTree = "<group>";
		};
		C6D8C5A92A2193F60057D42E /* LDK */ = {
			isa = PBXGroup;
			children = (
				C6D8C5932A215D290057D42E /* MyFeeEstimator.swift */,
				C6D8C5952A215D430057D42E /* MyLogger.swift */,
				C6D8C5972A215D540057D42E /* MyBroadcaster.swift */,
				C6D8C5992A215E6C0057D42E /* MyPersister.swift */,
				C6D8C5AD2A2197D90057D42E /* MyFilter.swift */,
				C6D8C5AF2A2252B40057D42E /* MyChannelManagerPersister.swift */,
				C6D8C5B12A2254120057D42E /* LDKManager.swift */,
			);
			path = LDK;
			sourceTree = "<group>";
		};
		C6D8C5AA2A2194100057D42E /* Views */ = {
			isa = PBXGroup;
			children = (
				C6D8C5BA2A22569C0057D42E /* TabBarView.swift */,
				C6D8C5C82A2257680057D42E /* CreateWalletView.swift */,
				C6D8C5812A215B290057D42E /* WalletView.swift */,
				C6D8C5BC2A2256B40057D42E /* SettingsView.swift */,
				C6D8C5BE2A2256CE0057D42E /* ListPeersView.swift */,
				C6D8C5C02A2256D60057D42E /* ConnectToPeerView.swift */,
				C6D8C5C22A2256DC0057D42E /* OpenChannelView.swift */,
				C6D8C5C42A2256E20057D42E /* ListChannelsView.swift */,
				C6EA67502A25038A00A6867D /* SendPaymentView.swift */,
				C6EA67542A256E5800A6867D /* GenerateInvoiceView.swift */,
				C6972C482A26B3CF00BBA785 /* CloseChannelView.swift */,
				C6D8C5E62A22AF2F0057D42E /* RecoveryPhraseView.swift */,
				C65690B92A27FB5D002B013B /* SendPaymentOnChainView.swift */,
			);
			path = Views;
			sourceTree = "<group>";
		};
		C6D8C5B52A2254500057D42E /* BDK */ = {
			isa = PBXGroup;
			children = (
				C6D8C5B32A2254450057D42E /* BDKManager.swift */,
			);
			path = BDK;
			sourceTree = "<group>";
		};
/* End PBXGroup section */

/* Begin PBXNativeTarget section */
		C6D8C57B2A215B290057D42E /* Vajra Wallet */ = {
			isa = PBXNativeTarget;
			buildConfigurationList = C6D8C58A2A215B2A0057D42E /* Build configuration list for PBXNativeTarget "Vajra Wallet" */;
			buildPhases = (
				C6D8C5782A215B290057D42E /* Sources */,
				C6D8C5792A215B290057D42E /* Frameworks */,
				C6D8C57A2A215B290057D42E /* Resources */,
			);
			buildRules = (
			);
			dependencies = (
			);
			name = "Vajra Wallet";
			packageProductDependencies = (
				C6D8C58E2A215CE60057D42E /* LightningDevKit */,
				C6D8C5912A215D0D0057D42E /* BitcoinDevKit */,
			);
			productName = "Vajra Wallet";
			productReference = C6D8C57C2A215B290057D42E /* Vajra Wallet.app */;
			productType = "com.apple.product-type.application";
		};
/* End PBXNativeTarget section */

/* Begin PBXProject section */
		C6D8C5742A215B290057D42E /* Project object */ = {
			isa = PBXProject;
			attributes = {
				BuildIndependentTargetsInParallel = 1;
				LastSwiftUpdateCheck = 1430;
				LastUpgradeCheck = 1430;
				TargetAttributes = {
					C6D8C57B2A215B290057D42E = {
						CreatedOnToolsVersion = 14.3;
					};
				};
			};
			buildConfigurationList = C6D8C5772A215B290057D42E /* Build configuration list for PBXProject "Vajra Wallet" */;
			compatibilityVersion = "Xcode 14.0";
			developmentRegion = en;
			hasScannedForEncodings = 0;
			knownRegions = (
				en,
				Base,
			);
			mainGroup = C6D8C5732A215B290057D42E;
			packageReferences = (
				C6D8C58D2A215CE60057D42E /* XCRemoteSwiftPackageReference "ldk-swift" */,
				C6D8C5902A215D0D0057D42E /* XCRemoteSwiftPackageReference "bdk-swift" */,
			);
			productRefGroup = C6D8C57D2A215B290057D42E /* Products */;
			projectDirPath = "";
			projectRoot = "";
			targets = (
				C6D8C57B2A215B290057D42E /* Vajra Wallet */,
			);
		};
/* End PBXProject section */

/* Begin PBXResourcesBuildPhase section */
		C6D8C57A2A215B290057D42E /* Resources */ = {
			isa = PBXResourcesBuildPhase;
			buildActionMask = 2147483647;
			files = (
				C6D8C5872A215B2A0057D42E /* Preview Assets.xcassets in Resources */,
				C6D8C5842A215B2A0057D42E /* Assets.xcassets in Resources */,
			);
			runOnlyForDeploymentPostprocessing = 0;
		};
/* End PBXResourcesBuildPhase section */

/* Begin PBXSourcesBuildPhase section */
		C6D8C5782A215B290057D42E /* Sources */ = {
			isa = PBXSourcesBuildPhase;
			buildActionMask = 2147483647;
			files = (
				C6D8C5822A215B290057D42E /* WalletView.swift in Sources */,
				C6D8C5942A215D290057D42E /* MyFeeEstimator.swift in Sources */,
				C6D8C5C92A2257680057D42E /* CreateWalletView.swift in Sources */,
				C6D8C5AC2A2196CB0057D42E /* FileHandler.swift in Sources */,
				C6D8C5AE2A2197D90057D42E /* MyFilter.swift in Sources */,
				C6D8C5A22A21933E0057D42E /* Utils.swift in Sources */,
				C6D8C59E2A2192CF0057D42E /* BlockchainData.swift in Sources */,
				C6EA67512A25038A00A6867D /* SendPaymentView.swift in Sources */,
				C6D8C5B72A2254DE0057D42E /* KeyData.swift in Sources */,
				C6D8C5C12A2256D60057D42E /* ConnectToPeerView.swift in Sources */,
				C6D8C5A42A2193570057D42E /* MerkleProof.swift in Sources */,
				C6972C492A26B3CF00BBA785 /* CloseChannelView.swift in Sources */,
				C65690BA2A27FB5D002B013B /* SendPaymentOnChainView.swift in Sources */,
				C6D8C5BF2A2256CE0057D42E /* ListPeersView.swift in Sources */,
				C6D8C5B42A2254450057D42E /* BDKManager.swift in Sources */,
				C6D8C5B02A2252B40057D42E /* MyChannelManagerPersister.swift in Sources */,
				C6D8C5BB2A22569C0057D42E /* TabBarView.swift in Sources */,
				C6EA67552A256E5800A6867D /* GenerateInvoiceView.swift in Sources */,
				C6D8C5802A215B290057D42E /* Vajra_WalletApp.swift in Sources */,
				C6D8C5B22A2254120057D42E /* LDKManager.swift in Sources */,
				C6D8C5A62A21936C0057D42E /* Tx.swift in Sources */,
				C6D8C5A02A2193020057D42E /* DataGetPost.swift in Sources */,
				C6D8C59A2A215E6C0057D42E /* MyPersister.swift in Sources */,
				C6D8C5C52A2256E20057D42E /* ListChannelsView.swift in Sources */,
				C6D8C5C32A2256DC0057D42E /* OpenChannelView.swift in Sources */,
				C6D8C5962A215D430057D42E /* MyLogger.swift in Sources */,
				C6D8C5982A215D540057D42E /* MyBroadcaster.swift in Sources */,
				C6D8C5E72A22AF2F0057D42E /* RecoveryPhraseView.swift in Sources */,
				C6D8C5BD2A2256B40057D42E /* SettingsView.swift in Sources */,
			);
			runOnlyForDeploymentPostprocessing = 0;
		};
/* End PBXSourcesBuildPhase section */

/* Begin XCBuildConfiguration section */
		C6D8C5882A215B2A0057D42E /* Debug */ = {
			isa = XCBuildConfiguration;
			buildSettings = {
				ALWAYS_SEARCH_USER_PATHS = NO;
				CLANG_ANALYZER_NONNULL = YES;
				CLANG_ANALYZER_NUMBER_OBJECT_CONVERSION = YES_AGGRESSIVE;
				CLANG_CXX_LANGUAGE_STANDARD = "gnu++20";
				CLANG_ENABLE_MODULES = YES;
				CLANG_ENABLE_OBJC_ARC = YES;
				CLANG_ENABLE_OBJC_WEAK = YES;
				CLANG_WARN_BLOCK_CAPTURE_AUTORELEASING = YES;
				CLANG_WARN_BOOL_CONVERSION = YES;
				CLANG_WARN_COMMA = YES;
				CLANG_WARN_CONSTANT_CONVERSION = YES;
				CLANG_WARN_DEPRECATED_OBJC_IMPLEMENTATIONS = YES;
				CLANG_WARN_DIRECT_OBJC_ISA_USAGE = YES_ERROR;
				CLANG_WARN_DOCUMENTATION_COMMENTS = YES;
				CLANG_WARN_EMPTY_BODY = YES;
				CLANG_WARN_ENUM_CONVERSION = YES;
				CLANG_WARN_INFINITE_RECURSION = YES;
				CLANG_WARN_INT_CONVERSION = YES;
				CLANG_WARN_NON_LITERAL_NULL_CONVERSION = YES;
				CLANG_WARN_OBJC_IMPLICIT_RETAIN_SELF = YES;
				CLANG_WARN_OBJC_LITERAL_CONVERSION = YES;
				CLANG_WARN_OBJC_ROOT_CLASS = YES_ERROR;
				CLANG_WARN_QUOTED_INCLUDE_IN_FRAMEWORK_HEADER = YES;
				CLANG_WARN_RANGE_LOOP_ANALYSIS = YES;
				CLANG_WARN_STRICT_PROTOTYPES = YES;
				CLANG_WARN_SUSPICIOUS_MOVE = YES;
				CLANG_WARN_UNGUARDED_AVAILABILITY = YES_AGGRESSIVE;
				CLANG_WARN_UNREACHABLE_CODE = YES;
				CLANG_WARN__DUPLICATE_METHOD_MATCH = YES;
				COPY_PHASE_STRIP = NO;
				DEBUG_INFORMATION_FORMAT = dwarf;
				ENABLE_STRICT_OBJC_MSGSEND = YES;
				ENABLE_TESTABILITY = YES;
				GCC_C_LANGUAGE_STANDARD = gnu11;
				GCC_DYNAMIC_NO_PIC = NO;
				GCC_NO_COMMON_BLOCKS = YES;
				GCC_OPTIMIZATION_LEVEL = 0;
				GCC_PREPROCESSOR_DEFINITIONS = (
					"DEBUG=1",
					"$(inherited)",
				);
				GCC_WARN_64_TO_32_BIT_CONVERSION = YES;
				GCC_WARN_ABOUT_RETURN_TYPE = YES_ERROR;
				GCC_WARN_UNDECLARED_SELECTOR = YES;
				GCC_WARN_UNINITIALIZED_AUTOS = YES_AGGRESSIVE;
				GCC_WARN_UNUSED_FUNCTION = YES;
				GCC_WARN_UNUSED_VARIABLE = YES;
				IPHONEOS_DEPLOYMENT_TARGET = 16.4;
				MTL_ENABLE_DEBUG_INFO = INCLUDE_SOURCE;
				MTL_FAST_MATH = YES;
				ONLY_ACTIVE_ARCH = YES;
				SDKROOT = iphoneos;
				SWIFT_ACTIVE_COMPILATION_CONDITIONS = DEBUG;
				SWIFT_OPTIMIZATION_LEVEL = "-Onone";
			};
			name = Debug;
		};
		C6D8C5892A215B2A0057D42E /* Release */ = {
			isa = XCBuildConfiguration;
			buildSettings = {
				ALWAYS_SEARCH_USER_PATHS = NO;
				CLANG_ANALYZER_NONNULL = YES;
				CLANG_ANALYZER_NUMBER_OBJECT_CONVERSION = YES_AGGRESSIVE;
				CLANG_CXX_LANGUAGE_STANDARD = "gnu++20";
				CLANG_ENABLE_MODULES = YES;
				CLANG_ENABLE_OBJC_ARC = YES;
				CLANG_ENABLE_OBJC_WEAK = YES;
				CLANG_WARN_BLOCK_CAPTURE_AUTORELEASING = YES;
				CLANG_WARN_BOOL_CONVERSION = YES;
				CLANG_WARN_COMMA = YES;
				CLANG_WARN_CONSTANT_CONVERSION = YES;
				CLANG_WARN_DEPRECATED_OBJC_IMPLEMENTATIONS = YES;
				CLANG_WARN_DIRECT_OBJC_ISA_USAGE = YES_ERROR;
				CLANG_WARN_DOCUMENTATION_COMMENTS = YES;
				CLANG_WARN_EMPTY_BODY = YES;
				CLANG_WARN_ENUM_CONVERSION = YES;
				CLANG_WARN_INFINITE_RECURSION = YES;
				CLANG_WARN_INT_CONVERSION = YES;
				CLANG_WARN_NON_LITERAL_NULL_CONVERSION = YES;
				CLANG_WARN_OBJC_IMPLICIT_RETAIN_SELF = YES;
				CLANG_WARN_OBJC_LITERAL_CONVERSION = YES;
				CLANG_WARN_OBJC_ROOT_CLASS = YES_ERROR;
				CLANG_WARN_QUOTED_INCLUDE_IN_FRAMEWORK_HEADER = YES;
				CLANG_WARN_RANGE_LOOP_ANALYSIS = YES;
				CLANG_WARN_STRICT_PROTOTYPES = YES;
				CLANG_WARN_SUSPICIOUS_MOVE = YES;
				CLANG_WARN_UNGUARDED_AVAILABILITY = YES_AGGRESSIVE;
				CLANG_WARN_UNREACHABLE_CODE = YES;
				CLANG_WARN__DUPLICATE_METHOD_MATCH = YES;
				COPY_PHASE_STRIP = NO;
				DEBUG_INFORMATION_FORMAT = "dwarf-with-dsym";
				ENABLE_NS_ASSERTIONS = NO;
				ENABLE_STRICT_OBJC_MSGSEND = YES;
				GCC_C_LANGUAGE_STANDARD = gnu11;
				GCC_NO_COMMON_BLOCKS = YES;
				GCC_WARN_64_TO_32_BIT_CONVERSION = YES;
				GCC_WARN_ABOUT_RETURN_TYPE = YES_ERROR;
				GCC_WARN_UNDECLARED_SELECTOR = YES;
				GCC_WARN_UNINITIALIZED_AUTOS = YES_AGGRESSIVE;
				GCC_WARN_UNUSED_FUNCTION = YES;
				GCC_WARN_UNUSED_VARIABLE = YES;
				IPHONEOS_DEPLOYMENT_TARGET = 16.4;
				MTL_ENABLE_DEBUG_INFO = NO;
				MTL_FAST_MATH = YES;
				SDKROOT = iphoneos;
				SWIFT_COMPILATION_MODE = wholemodule;
				SWIFT_OPTIMIZATION_LEVEL = "-O";
				VALIDATE_PRODUCT = YES;
			};
			name = Release;
		};
		C6D8C58B2A215B2A0057D42E /* Debug */ = {
			isa = XCBuildConfiguration;
			buildSettings = {
				ASSETCATALOG_COMPILER_APPICON_NAME = AppIcon;
				ASSETCATALOG_COMPILER_GLOBAL_ACCENT_COLOR_NAME = AccentColor;
				CODE_SIGN_STYLE = Automatic;
				CURRENT_PROJECT_VERSION = 1;
				DEVELOPMENT_ASSET_PATHS = "\"Vajra Wallet/Preview Content\"";
				DEVELOPMENT_TEAM = L6UN4PT9N8;
				ENABLE_PREVIEWS = YES;
				GENERATE_INFOPLIST_FILE = YES;
				INFOPLIST_KEY_UIApplicationSceneManifest_Generation = YES;
				INFOPLIST_KEY_UIApplicationSupportsIndirectInputEvents = YES;
				INFOPLIST_KEY_UILaunchScreen_Generation = YES;
				INFOPLIST_KEY_UISupportedInterfaceOrientations_iPad = "UIInterfaceOrientationPortrait UIInterfaceOrientationPortraitUpsideDown UIInterfaceOrientationLandscapeLeft UIInterfaceOrientationLandscapeRight";
				INFOPLIST_KEY_UISupportedInterfaceOrientations_iPhone = "UIInterfaceOrientationPortrait UIInterfaceOrientationLandscapeLeft UIInterfaceOrientationLandscapeRight";
				LD_RUNPATH_SEARCH_PATHS = (
					"$(inherited)",
					"@executable_path/Frameworks",
				);
				MARKETING_VERSION = 1.0;
				PRODUCT_BUNDLE_IDENTIFIER = "com.Roy0Anonymous.Vajra-Wallet";
				PRODUCT_NAME = "$(TARGET_NAME)";
				SWIFT_EMIT_LOC_STRINGS = YES;
				SWIFT_VERSION = 5.0;
				TARGETED_DEVICE_FAMILY = "1,2";
			};
			name = Debug;
		};
		C6D8C58C2A215B2A0057D42E /* Release */ = {
			isa = XCBuildConfiguration;
			buildSettings = {
				ASSETCATALOG_COMPILER_APPICON_NAME = AppIcon;
				ASSETCATALOG_COMPILER_GLOBAL_ACCENT_COLOR_NAME = AccentColor;
				CODE_SIGN_STYLE = Automatic;
				CURRENT_PROJECT_VERSION = 1;
				DEVELOPMENT_ASSET_PATHS = "\"Vajra Wallet/Preview Content\"";
				DEVELOPMENT_TEAM = L6UN4PT9N8;
				ENABLE_PREVIEWS = YES;
				GENERATE_INFOPLIST_FILE = YES;
				INFOPLIST_KEY_UIApplicationSceneManifest_Generation = YES;
				INFOPLIST_KEY_UIApplicationSupportsIndirectInputEvents = YES;
				INFOPLIST_KEY_UILaunchScreen_Generation = YES;
				INFOPLIST_KEY_UISupportedInterfaceOrientations_iPad = "UIInterfaceOrientationPortrait UIInterfaceOrientationPortraitUpsideDown UIInterfaceOrientationLandscapeLeft UIInterfaceOrientationLandscapeRight";
				INFOPLIST_KEY_UISupportedInterfaceOrientations_iPhone = "UIInterfaceOrientationPortrait UIInterfaceOrientationLandscapeLeft UIInterfaceOrientationLandscapeRight";
				LD_RUNPATH_SEARCH_PATHS = (
					"$(inherited)",
					"@executable_path/Frameworks",
				);
				MARKETING_VERSION = 1.0;
				PRODUCT_BUNDLE_IDENTIFIER = "com.Roy0Anonymous.Vajra-Wallet";
				PRODUCT_NAME = "$(TARGET_NAME)";
				SWIFT_EMIT_LOC_STRINGS = YES;
				SWIFT_VERSION = 5.0;
				TARGETED_DEVICE_FAMILY = "1,2";
			};
			name = Release;
		};
/* End XCBuildConfiguration section */

/* Begin XCConfigurationList section */
		C6D8C5772A215B290057D42E /* Build configuration list for PBXProject "Vajra Wallet" */ = {
			isa = XCConfigurationList;
			buildConfigurations = (
				C6D8C5882A215B2A0057D42E /* Debug */,
				C6D8C5892A215B2A0057D42E /* Release */,
			);
			defaultConfigurationIsVisible = 0;
			defaultConfigurationName = Release;
		};
		C6D8C58A2A215B2A0057D42E /* Build configuration list for PBXNativeTarget "Vajra Wallet" */ = {
			isa = XCConfigurationList;
			buildConfigurations = (
				C6D8C58B2A215B2A0057D42E /* Debug */,
				C6D8C58C2A215B2A0057D42E /* Release */,
			);
			defaultConfigurationIsVisible = 0;
			defaultConfigurationName = Release;
		};
/* End XCConfigurationList section */

/* Begin XCRemoteSwiftPackageReference section */
		C6D8C58D2A215CE60057D42E /* XCRemoteSwiftPackageReference "ldk-swift" */ = {
			isa = XCRemoteSwiftPackageReference;
			repositoryURL = "https://github.com/lightningdevkit/ldk-swift/";
			requirement = {
				kind = exactVersion;
				version = 0.0.115;
			};
		};
		C6D8C5902A215D0D0057D42E /* XCRemoteSwiftPackageReference "bdk-swift" */ = {
			isa = XCRemoteSwiftPackageReference;
			repositoryURL = "https://github.com/bitcoindevkit/bdk-swift";
			requirement = {
				kind = exactVersion;
				version = 0.28.0;
			};
		};
/* End XCRemoteSwiftPackageReference section */

/* Begin XCSwiftPackageProductDependency section */
		C6D8C58E2A215CE60057D42E /* LightningDevKit */ = {
			isa = XCSwiftPackageProductDependency;
			package = C6D8C58D2A215CE60057D42E /* XCRemoteSwiftPackageReference "ldk-swift" */;
			productName = LightningDevKit;
		};
		C6D8C5912A215D0D0057D42E /* BitcoinDevKit */ = {
			isa = XCSwiftPackageProductDependency;
			package = C6D8C5902A215D0D0057D42E /* XCRemoteSwiftPackageReference "bdk-swift" */;
			productName = BitcoinDevKit;
		};
/* End XCSwiftPackageProductDependency section */
	};
	rootObject = C6D8C5742A215B290057D42E /* Project object */;
}
