{
  "pins" : [
    {
      "identity" : "bdk-swift",
      "kind" : "remoteSourceControl",
      "location" : "https://github.com/bitcoindevkit/bdk-swift",
      "state" : {
        "revision" : "20ca547a69487a41665ad7d92b0f1aa46b84d9d0",
        "version" : "0.31.0"
      }
    },
    {
      "identity" : "ldk-swift",
      "kind" : "remoteSourceControl",
      "location" : "https://github.com/lightningdevkit/ldk-swift.git",
      "state" : {
        "revision" : "af536771022f99c0bf3e5af070014a3ca7f2405b",
        "version" : "0.0.121"
      }
    }
  ],
  "version" : 2
}
